
Microsoft Visual Studio Solution File, Format Version 12.00
# Visual Studio 14
VisualStudioVersion = 14.0.25420.1
MinimumVisualStudioVersion = 10.0.40219.1
Project("{FAE04EC0-301F-11D3-BF4B-00C04F79EFBC}") = "ShopIM.UI", "ShopIM.UI\ShopIM.UI.csproj", "{D9E463AA-16C0-4E40-A15E-6E70EF9602E4}"
EndProject
Project("{FAE04EC0-301F-11D3-BF4B-00C04F79EFBC}") = "ShopIM.Entity", "ShopIM.Entity\ShopIM.Entity.csproj", "{868E6C6E-9127-4B8B-A5ED-888C913E6FCC}"
EndProject
Project("{FAE04EC0-301F-11D3-BF4B-00C04F79EFBC}") = "ShopIM.DAL", "ShopIM.DAL\ShopIM.DAL.csproj", "{580782B3-63A7-436C-9E7F-BA4F2F3D1A94}"
EndProject
Global
	GlobalSection(SolutionConfigurationPlatforms) = preSolution
		Debug|Any CPU = Debug|Any CPU
		Release|Any CPU = Release|Any CPU
	EndGlobalSection
	GlobalSection(ProjectConfigurationPlatforms) = postSolution
		{D9E463AA-16C0-4E40-A15E-6E70EF9602E4}.Debug|Any CPU.ActiveCfg = Debug|Any CPU
		{D9E463AA-16C0-4E40-A15E-6E70EF9602E4}.Debug|Any CPU.Build.0 = Debug|Any CPU
		{D9E463AA-16C0-4E40-A15E-6E70EF9602E4}.Release|Any CPU.ActiveCfg = Release|Any CPU
		{D9E463AA-16C0-4E40-A15E-6E70EF9602E4}.Release|Any CPU.Build.0 = Release|Any CPU
		{868E6C6E-9127-4B8B-A5ED-888C913E6FCC}.Debug|Any CPU.ActiveCfg = Debug|Any CPU
		{868E6C6E-9127-4B8B-A5ED-888C913E6FCC}.Debug|Any CPU.Build.0 = Debug|Any CPU
		{868E6C6E-9127-4B8B-A5ED-888C913E6FCC}.Release|Any CPU.ActiveCfg = Release|Any CPU
		{868E6C6E-9127-4B8B-A5ED-888C913E6FCC}.Release|Any CPU.Build.0 = Release|Any CPU
		{580782B3-63A7-436C-9E7F-BA4F2F3D1A94}.Debug|Any CPU.ActiveCfg = Debug|Any CPU
		{580782B3-63A7-436C-9E7F-BA4F2F3D1A94}.Debug|Any CPU.Build.0 = Debug|Any CPU
		{580782B3-63A7-436C-9E7F-BA4F2F3D1A94}.Release|Any CPU.ActiveCfg = Release|Any CPU
		{580782B3-63A7-436C-9E7F-BA4F2F3D1A94}.Release|Any CPU.Build.0 = Release|Any CPU
	EndGlobalSection
	GlobalSection(SolutionProperties) = preSolution
		HideSolutionNode = FALSE
	EndGlobalSection
EndGlobal
