
Microsoft Visual Studio Solution File, Format Version 12.00
# Visual Studio 14
VisualStudioVersion = 14.0.25420.1
MinimumVisualStudioVersion = 10.0.40219.1
Project("{FAE04EC0-301F-11D3-BF4B-00C04F79EFBC}") = "ShopIM.UI", "ShopIM.UI\ShopIM.UI.csproj", "{D9E463AA-16C0-4E40-A15E-6E70EF9602E4}"
EndProject
Project("{FAE04EC0-301F-11D3-BF4B-00C04F79EFBC}") = "ShopIM.Entity", "ShopIM.Entity\ShopIM.Entity.csproj", "{868E6C6E-9127-4B8B-A5ED-888C913E6FCC}"
EndProject
Project("{FAE04EC0-301F-11D3-BF4B-00C04F79EFBC}") = "ShopIM.DAL", "ShopIM.DAL\ShopIM.DAL.csproj", "{580782B3-63A7-436C-9E7F-BA4F2F3D1A94}"
EndProject
Project("{FAE04EC0-301F-11D3-BF4B-00C04F79EFBC}") = "ShopIM.BLL", "ShopIM.BLL\ShopIM.BLL.csproj", "{EE57204C-8001-416C-89EC-F896D32851E9}"
EndProject
Project("{FAE04EC0-301F-11D3-BF4B-00C04F79EFBC}") = "ShopIM.Library", "ShopIM.Library\ShopIM.Library.csproj", "{6FEAFE62-6BBD-4063-867D-0A725DE8C9FB}"
EndProject
Project("{54435603-DBB4-11D2-8724-00A0C9A8B90C}") = "ShopIM.Installer", "ShopIM.Installer\ShopIM.Installer.vdproj", "{32179D13-08B4-4053-92E3-4C65EB162D4F}"
EndProject
Global
	GlobalSection(SolutionConfigurationPlatforms) = preSolution
		CD_ROM|Any CPU = CD_ROM|Any CPU
		CD_ROM|ARM = CD_ROM|ARM
		CD_ROM|x64 = CD_ROM|x64
		CD_ROM|x86 = CD_ROM|x86
		Custom|Any CPU = Custom|Any CPU
		Custom|ARM = Custom|ARM
		Custom|x64 = Custom|x64
		Custom|x86 = Custom|x86
		Debug|Any CPU = Debug|Any CPU
		Debug|ARM = Debug|ARM
		Debug|x64 = Debug|x64
		Debug|x86 = Debug|x86
		DVD-10|Any CPU = DVD-10|Any CPU
		DVD-10|ARM = DVD-10|ARM
		DVD-10|x64 = DVD-10|x64
		DVD-10|x86 = DVD-10|x86
		DVD-18|Any CPU = DVD-18|Any CPU
		DVD-18|ARM = DVD-18|ARM
		DVD-18|x64 = DVD-18|x64
		DVD-18|x86 = DVD-18|x86
		DVD-5|Any CPU = DVD-5|Any CPU
		DVD-5|ARM = DVD-5|ARM
		DVD-5|x64 = DVD-5|x64
		DVD-5|x86 = DVD-5|x86
		DVD-9|Any CPU = DVD-9|Any CPU
		DVD-9|ARM = DVD-9|ARM
		DVD-9|x64 = DVD-9|x64
		DVD-9|x86 = DVD-9|x86
		Release|Any CPU = Release|Any CPU
		Release|ARM = Release|ARM
		Release|x64 = Release|x64
		Release|x86 = Release|x86
		SingleImage|Any CPU = SingleImage|Any CPU
		SingleImage|ARM = SingleImage|ARM
		SingleImage|x64 = SingleImage|x64
		SingleImage|x86 = SingleImage|x86
		WebDeployment|Any CPU = WebDeployment|Any CPU
		WebDeployment|ARM = WebDeployment|ARM
		WebDeployment|x64 = WebDeployment|x64
		WebDeployment|x86 = WebDeployment|x86
	EndGlobalSection
	GlobalSection(ProjectConfigurationPlatforms) = postSolution
		{D9E463AA-16C0-4E40-A15E-6E70EF9602E4}.CD_ROM|Any CPU.ActiveCfg = Release|Any CPU
		{D9E463AA-16C0-4E40-A15E-6E70EF9602E4}.CD_ROM|Any CPU.Build.0 = Release|Any CPU
		{D9E463AA-16C0-4E40-A15E-6E70EF9602E4}.CD_ROM|ARM.ActiveCfg = Release|Any CPU
		{D9E463AA-16C0-4E40-A15E-6E70EF9602E4}.CD_ROM|ARM.Build.0 = Release|Any CPU
		{D9E463AA-16C0-4E40-A15E-6E70EF9602E4}.CD_ROM|x64.ActiveCfg = Release|Any CPU
		{D9E463AA-16C0-4E40-A15E-6E70EF9602E4}.CD_ROM|x64.Build.0 = Release|Any CPU
		{D9E463AA-16C0-4E40-A15E-6E70EF9602E4}.CD_ROM|x86.ActiveCfg = Release|Any CPU
		{D9E463AA-16C0-4E40-A15E-6E70EF9602E4}.CD_ROM|x86.Build.0 = Release|Any CPU
		{D9E463AA-16C0-4E40-A15E-6E70EF9602E4}.Custom|Any CPU.ActiveCfg = Release|Any CPU
		{D9E463AA-16C0-4E40-A15E-6E70EF9602E4}.Custom|Any CPU.Build.0 = Release|Any CPU
		{D9E463AA-16C0-4E40-A15E-6E70EF9602E4}.Custom|ARM.ActiveCfg = Release|Any CPU
		{D9E463AA-16C0-4E40-A15E-6E70EF9602E4}.Custom|ARM.Build.0 = Release|Any CPU
		{D9E463AA-16C0-4E40-A15E-6E70EF9602E4}.Custom|x64.ActiveCfg = Release|Any CPU
		{D9E463AA-16C0-4E40-A15E-6E70EF9602E4}.Custom|x64.Build.0 = Release|Any CPU
		{D9E463AA-16C0-4E40-A15E-6E70EF9602E4}.Custom|x86.ActiveCfg = Release|Any CPU
		{D9E463AA-16C0-4E40-A15E-6E70EF9602E4}.Custom|x86.Build.0 = Release|Any CPU
		{D9E463AA-16C0-4E40-A15E-6E70EF9602E4}.Debug|Any CPU.ActiveCfg = Debug|Any CPU
		{D9E463AA-16C0-4E40-A15E-6E70EF9602E4}.Debug|Any CPU.Build.0 = Debug|Any CPU
		{D9E463AA-16C0-4E40-A15E-6E70EF9602E4}.Debug|ARM.ActiveCfg = Debug|Any CPU
		{D9E463AA-16C0-4E40-A15E-6E70EF9602E4}.Debug|ARM.Build.0 = Debug|Any CPU
		{D9E463AA-16C0-4E40-A15E-6E70EF9602E4}.Debug|x64.ActiveCfg = Debug|Any CPU
		{D9E463AA-16C0-4E40-A15E-6E70EF9602E4}.Debug|x64.Build.0 = Debug|Any CPU
		{D9E463AA-16C0-4E40-A15E-6E70EF9602E4}.Debug|x86.ActiveCfg = Debug|Any CPU
		{D9E463AA-16C0-4E40-A15E-6E70EF9602E4}.Debug|x86.Build.0 = Debug|Any CPU
		{D9E463AA-16C0-4E40-A15E-6E70EF9602E4}.DVD-10|Any CPU.ActiveCfg = Debug|Any CPU
		{D9E463AA-16C0-4E40-A15E-6E70EF9602E4}.DVD-10|Any CPU.Build.0 = Debug|Any CPU
		{D9E463AA-16C0-4E40-A15E-6E70EF9602E4}.DVD-10|ARM.ActiveCfg = Debug|Any CPU
		{D9E463AA-16C0-4E40-A15E-6E70EF9602E4}.DVD-10|ARM.Build.0 = Debug|Any CPU
		{D9E463AA-16C0-4E40-A15E-6E70EF9602E4}.DVD-10|x64.ActiveCfg = Debug|Any CPU
		{D9E463AA-16C0-4E40-A15E-6E70EF9602E4}.DVD-10|x64.Build.0 = Debug|Any CPU
		{D9E463AA-16C0-4E40-A15E-6E70EF9602E4}.DVD-10|x86.ActiveCfg = Debug|Any CPU
		{D9E463AA-16C0-4E40-A15E-6E70EF9602E4}.DVD-10|x86.Build.0 = Debug|Any CPU
		{D9E463AA-16C0-4E40-A15E-6E70EF9602E4}.DVD-18|Any CPU.ActiveCfg = Debug|Any CPU
		{D9E463AA-16C0-4E40-A15E-6E70EF9602E4}.DVD-18|Any CPU.Build.0 = Debug|Any CPU
		{D9E463AA-16C0-4E40-A15E-6E70EF9602E4}.DVD-18|ARM.ActiveCfg = Debug|Any CPU
		{D9E463AA-16C0-4E40-A15E-6E70EF9602E4}.DVD-18|ARM.Build.0 = Debug|Any CPU
		{D9E463AA-16C0-4E40-A15E-6E70EF9602E4}.DVD-18|x64.ActiveCfg = Debug|Any CPU
		{D9E463AA-16C0-4E40-A15E-6E70EF9602E4}.DVD-18|x64.Build.0 = Debug|Any CPU
		{D9E463AA-16C0-4E40-A15E-6E70EF9602E4}.DVD-18|x86.ActiveCfg = Debug|Any CPU
		{D9E463AA-16C0-4E40-A15E-6E70EF9602E4}.DVD-18|x86.Build.0 = Debug|Any CPU
		{D9E463AA-16C0-4E40-A15E-6E70EF9602E4}.DVD-5|Any CPU.ActiveCfg = Debug|Any CPU
		{D9E463AA-16C0-4E40-A15E-6E70EF9602E4}.DVD-5|Any CPU.Build.0 = Debug|Any CPU
		{D9E463AA-16C0-4E40-A15E-6E70EF9602E4}.DVD-5|ARM.ActiveCfg = Debug|Any CPU
		{D9E463AA-16C0-4E40-A15E-6E70EF9602E4}.DVD-5|ARM.Build.0 = Debug|Any CPU
		{D9E463AA-16C0-4E40-A15E-6E70EF9602E4}.DVD-5|x64.ActiveCfg = Debug|Any CPU
		{D9E463AA-16C0-4E40-A15E-6E70EF9602E4}.DVD-5|x64.Build.0 = Debug|Any CPU
		{D9E463AA-16C0-4E40-A15E-6E70EF9602E4}.DVD-5|x86.ActiveCfg = Debug|Any CPU
		{D9E463AA-16C0-4E40-A15E-6E70EF9602E4}.DVD-5|x86.Build.0 = Debug|Any CPU
		{D9E463AA-16C0-4E40-A15E-6E70EF9602E4}.DVD-9|Any CPU.ActiveCfg = Debug|Any CPU
		{D9E463AA-16C0-4E40-A15E-6E70EF9602E4}.DVD-9|Any CPU.Build.0 = Debug|Any CPU
		{D9E463AA-16C0-4E40-A15E-6E70EF9602E4}.DVD-9|ARM.ActiveCfg = Debug|Any CPU
		{D9E463AA-16C0-4E40-A15E-6E70EF9602E4}.DVD-9|ARM.Build.0 = Debug|Any CPU
		{D9E463AA-16C0-4E40-A15E-6E70EF9602E4}.DVD-9|x64.ActiveCfg = Debug|Any CPU
		{D9E463AA-16C0-4E40-A15E-6E70EF9602E4}.DVD-9|x64.Build.0 = Debug|Any CPU
		{D9E463AA-16C0-4E40-A15E-6E70EF9602E4}.DVD-9|x86.ActiveCfg = Debug|Any CPU
		{D9E463AA-16C0-4E40-A15E-6E70EF9602E4}.DVD-9|x86.Build.0 = Debug|Any CPU
		{D9E463AA-16C0-4E40-A15E-6E70EF9602E4}.Release|Any CPU.ActiveCfg = Release|Any CPU
		{D9E463AA-16C0-4E40-A15E-6E70EF9602E4}.Release|Any CPU.Build.0 = Release|Any CPU
		{D9E463AA-16C0-4E40-A15E-6E70EF9602E4}.Release|ARM.ActiveCfg = Release|Any CPU
		{D9E463AA-16C0-4E40-A15E-6E70EF9602E4}.Release|ARM.Build.0 = Release|Any CPU
		{D9E463AA-16C0-4E40-A15E-6E70EF9602E4}.Release|x64.ActiveCfg = Release|Any CPU
		{D9E463AA-16C0-4E40-A15E-6E70EF9602E4}.Release|x64.Build.0 = Release|Any CPU
		{D9E463AA-16C0-4E40-A15E-6E70EF9602E4}.Release|x86.ActiveCfg = Release|Any CPU
		{D9E463AA-16C0-4E40-A15E-6E70EF9602E4}.Release|x86.Build.0 = Release|Any CPU
		{D9E463AA-16C0-4E40-A15E-6E70EF9602E4}.SingleImage|Any CPU.ActiveCfg = Release|Any CPU
		{D9E463AA-16C0-4E40-A15E-6E70EF9602E4}.SingleImage|Any CPU.Build.0 = Release|Any CPU
		{D9E463AA-16C0-4E40-A15E-6E70EF9602E4}.SingleImage|ARM.ActiveCfg = Release|Any CPU
		{D9E463AA-16C0-4E40-A15E-6E70EF9602E4}.SingleImage|ARM.Build.0 = Release|Any CPU
		{D9E463AA-16C0-4E40-A15E-6E70EF9602E4}.SingleImage|x64.ActiveCfg = Release|Any CPU
		{D9E463AA-16C0-4E40-A15E-6E70EF9602E4}.SingleImage|x64.Build.0 = Release|Any CPU
		{D9E463AA-16C0-4E40-A15E-6E70EF9602E4}.SingleImage|x86.ActiveCfg = Release|Any CPU
		{D9E463AA-16C0-4E40-A15E-6E70EF9602E4}.SingleImage|x86.Build.0 = Release|Any CPU
		{D9E463AA-16C0-4E40-A15E-6E70EF9602E4}.WebDeployment|Any CPU.ActiveCfg = Release|Any CPU
		{D9E463AA-16C0-4E40-A15E-6E70EF9602E4}.WebDeployment|Any CPU.Build.0 = Release|Any CPU
		{D9E463AA-16C0-4E40-A15E-6E70EF9602E4}.WebDeployment|ARM.ActiveCfg = Release|Any CPU
		{D9E463AA-16C0-4E40-A15E-6E70EF9602E4}.WebDeployment|ARM.Build.0 = Release|Any CPU
		{D9E463AA-16C0-4E40-A15E-6E70EF9602E4}.WebDeployment|x64.ActiveCfg = Release|Any CPU
		{D9E463AA-16C0-4E40-A15E-6E70EF9602E4}.WebDeployment|x64.Build.0 = Release|Any CPU
		{D9E463AA-16C0-4E40-A15E-6E70EF9602E4}.WebDeployment|x86.ActiveCfg = Release|Any CPU
		{D9E463AA-16C0-4E40-A15E-6E70EF9602E4}.WebDeployment|x86.Build.0 = Release|Any CPU
		{868E6C6E-9127-4B8B-A5ED-888C913E6FCC}.CD_ROM|Any CPU.ActiveCfg = Release|Any CPU
		{868E6C6E-9127-4B8B-A5ED-888C913E6FCC}.CD_ROM|Any CPU.Build.0 = Release|Any CPU
		{868E6C6E-9127-4B8B-A5ED-888C913E6FCC}.CD_ROM|ARM.ActiveCfg = Release|Any CPU
		{868E6C6E-9127-4B8B-A5ED-888C913E6FCC}.CD_ROM|ARM.Build.0 = Release|Any CPU
		{868E6C6E-9127-4B8B-A5ED-888C913E6FCC}.CD_ROM|x64.ActiveCfg = Release|Any CPU
		{868E6C6E-9127-4B8B-A5ED-888C913E6FCC}.CD_ROM|x64.Build.0 = Release|Any CPU
		{868E6C6E-9127-4B8B-A5ED-888C913E6FCC}.CD_ROM|x86.ActiveCfg = Release|Any CPU
		{868E6C6E-9127-4B8B-A5ED-888C913E6FCC}.CD_ROM|x86.Build.0 = Release|Any CPU
		{868E6C6E-9127-4B8B-A5ED-888C913E6FCC}.Custom|Any CPU.ActiveCfg = Release|Any CPU
		{868E6C6E-9127-4B8B-A5ED-888C913E6FCC}.Custom|Any CPU.Build.0 = Release|Any CPU
		{868E6C6E-9127-4B8B-A5ED-888C913E6FCC}.Custom|ARM.ActiveCfg = Release|Any CPU
		{868E6C6E-9127-4B8B-A5ED-888C913E6FCC}.Custom|ARM.Build.0 = Release|Any CPU
		{868E6C6E-9127-4B8B-A5ED-888C913E6FCC}.Custom|x64.ActiveCfg = Release|Any CPU
		{868E6C6E-9127-4B8B-A5ED-888C913E6FCC}.Custom|x64.Build.0 = Release|Any CPU
		{868E6C6E-9127-4B8B-A5ED-888C913E6FCC}.Custom|x86.ActiveCfg = Release|Any CPU
		{868E6C6E-9127-4B8B-A5ED-888C913E6FCC}.Custom|x86.Build.0 = Release|Any CPU
		{868E6C6E-9127-4B8B-A5ED-888C913E6FCC}.Debug|Any CPU.ActiveCfg = Debug|Any CPU
		{868E6C6E-9127-4B8B-A5ED-888C913E6FCC}.Debug|Any CPU.Build.0 = Debug|Any CPU
		{868E6C6E-9127-4B8B-A5ED-888C913E6FCC}.Debug|ARM.ActiveCfg = Debug|Any CPU
		{868E6C6E-9127-4B8B-A5ED-888C913E6FCC}.Debug|ARM.Build.0 = Debug|Any CPU
		{868E6C6E-9127-4B8B-A5ED-888C913E6FCC}.Debug|x64.ActiveCfg = Debug|Any CPU
		{868E6C6E-9127-4B8B-A5ED-888C913E6FCC}.Debug|x64.Build.0 = Debug|Any CPU
		{868E6C6E-9127-4B8B-A5ED-888C913E6FCC}.Debug|x86.ActiveCfg = Debug|Any CPU
		{868E6C6E-9127-4B8B-A5ED-888C913E6FCC}.Debug|x86.Build.0 = Debug|Any CPU
		{868E6C6E-9127-4B8B-A5ED-888C913E6FCC}.DVD-10|Any CPU.ActiveCfg = Debug|Any CPU
		{868E6C6E-9127-4B8B-A5ED-888C913E6FCC}.DVD-10|Any CPU.Build.0 = Debug|Any CPU
		{868E6C6E-9127-4B8B-A5ED-888C913E6FCC}.DVD-10|ARM.ActiveCfg = Debug|Any CPU
		{868E6C6E-9127-4B8B-A5ED-888C913E6FCC}.DVD-10|ARM.Build.0 = Debug|Any CPU
		{868E6C6E-9127-4B8B-A5ED-888C913E6FCC}.DVD-10|x64.ActiveCfg = Debug|Any CPU
		{868E6C6E-9127-4B8B-A5ED-888C913E6FCC}.DVD-10|x64.Build.0 = Debug|Any CPU
		{868E6C6E-9127-4B8B-A5ED-888C913E6FCC}.DVD-10|x86.ActiveCfg = Debug|Any CPU
		{868E6C6E-9127-4B8B-A5ED-888C913E6FCC}.DVD-10|x86.Build.0 = Debug|Any CPU
		{868E6C6E-9127-4B8B-A5ED-888C913E6FCC}.DVD-18|Any CPU.ActiveCfg = Debug|Any CPU
		{868E6C6E-9127-4B8B-A5ED-888C913E6FCC}.DVD-18|Any CPU.Build.0 = Debug|Any CPU
		{868E6C6E-9127-4B8B-A5ED-888C913E6FCC}.DVD-18|ARM.ActiveCfg = Debug|Any CPU
		{868E6C6E-9127-4B8B-A5ED-888C913E6FCC}.DVD-18|ARM.Build.0 = Debug|Any CPU
		{868E6C6E-9127-4B8B-A5ED-888C913E6FCC}.DVD-18|x64.ActiveCfg = Debug|Any CPU
		{868E6C6E-9127-4B8B-A5ED-888C913E6FCC}.DVD-18|x64.Build.0 = Debug|Any CPU
		{868E6C6E-9127-4B8B-A5ED-888C913E6FCC}.DVD-18|x86.ActiveCfg = Debug|Any CPU
		{868E6C6E-9127-4B8B-A5ED-888C913E6FCC}.DVD-18|x86.Build.0 = Debug|Any CPU
		{868E6C6E-9127-4B8B-A5ED-888C913E6FCC}.DVD-5|Any CPU.ActiveCfg = Debug|Any CPU
		{868E6C6E-9127-4B8B-A5ED-888C913E6FCC}.DVD-5|Any CPU.Build.0 = Debug|Any CPU
		{868E6C6E-9127-4B8B-A5ED-888C913E6FCC}.DVD-5|ARM.ActiveCfg = Debug|Any CPU
		{868E6C6E-9127-4B8B-A5ED-888C913E6FCC}.DVD-5|ARM.Build.0 = Debug|Any CPU
		{868E6C6E-9127-4B8B-A5ED-888C913E6FCC}.DVD-5|x64.ActiveCfg = Debug|Any CPU
		{868E6C6E-9127-4B8B-A5ED-888C913E6FCC}.DVD-5|x64.Build.0 = Debug|Any CPU
		{868E6C6E-9127-4B8B-A5ED-888C913E6FCC}.DVD-5|x86.ActiveCfg = Debug|Any CPU
		{868E6C6E-9127-4B8B-A5ED-888C913E6FCC}.DVD-5|x86.Build.0 = Debug|Any CPU
		{868E6C6E-9127-4B8B-A5ED-888C913E6FCC}.DVD-9|Any CPU.ActiveCfg = Debug|Any CPU
		{868E6C6E-9127-4B8B-A5ED-888C913E6FCC}.DVD-9|Any CPU.Build.0 = Debug|Any CPU
		{868E6C6E-9127-4B8B-A5ED-888C913E6FCC}.DVD-9|ARM.ActiveCfg = Debug|Any CPU
		{868E6C6E-9127-4B8B-A5ED-888C913E6FCC}.DVD-9|ARM.Build.0 = Debug|Any CPU
		{868E6C6E-9127-4B8B-A5ED-888C913E6FCC}.DVD-9|x64.ActiveCfg = Debug|Any CPU
		{868E6C6E-9127-4B8B-A5ED-888C913E6FCC}.DVD-9|x64.Build.0 = Debug|Any CPU
		{868E6C6E-9127-4B8B-A5ED-888C913E6FCC}.DVD-9|x86.ActiveCfg = Debug|Any CPU
		{868E6C6E-9127-4B8B-A5ED-888C913E6FCC}.DVD-9|x86.Build.0 = Debug|Any CPU
		{868E6C6E-9127-4B8B-A5ED-888C913E6FCC}.Release|Any CPU.ActiveCfg = Release|Any CPU
		{868E6C6E-9127-4B8B-A5ED-888C913E6FCC}.Release|Any CPU.Build.0 = Release|Any CPU
		{868E6C6E-9127-4B8B-A5ED-888C913E6FCC}.Release|ARM.ActiveCfg = Release|Any CPU
		{868E6C6E-9127-4B8B-A5ED-888C913E6FCC}.Release|ARM.Build.0 = Release|Any CPU
		{868E6C6E-9127-4B8B-A5ED-888C913E6FCC}.Release|x64.ActiveCfg = Release|Any CPU
		{868E6C6E-9127-4B8B-A5ED-888C913E6FCC}.Release|x64.Build.0 = Release|Any CPU
		{868E6C6E-9127-4B8B-A5ED-888C913E6FCC}.Release|x86.ActiveCfg = Release|Any CPU
		{868E6C6E-9127-4B8B-A5ED-888C913E6FCC}.Release|x86.Build.0 = Release|Any CPU
		{868E6C6E-9127-4B8B-A5ED-888C913E6FCC}.SingleImage|Any CPU.ActiveCfg = Release|Any CPU
		{868E6C6E-9127-4B8B-A5ED-888C913E6FCC}.SingleImage|Any CPU.Build.0 = Release|Any CPU
		{868E6C6E-9127-4B8B-A5ED-888C913E6FCC}.SingleImage|ARM.ActiveCfg = Release|Any CPU
		{868E6C6E-9127-4B8B-A5ED-888C913E6FCC}.SingleImage|ARM.Build.0 = Release|Any CPU
		{868E6C6E-9127-4B8B-A5ED-888C913E6FCC}.SingleImage|x64.ActiveCfg = Release|Any CPU
		{868E6C6E-9127-4B8B-A5ED-888C913E6FCC}.SingleImage|x64.Build.0 = Release|Any CPU
		{868E6C6E-9127-4B8B-A5ED-888C913E6FCC}.SingleImage|x86.ActiveCfg = Release|Any CPU
		{868E6C6E-9127-4B8B-A5ED-888C913E6FCC}.SingleImage|x86.Build.0 = Release|Any CPU
		{868E6C6E-9127-4B8B-A5ED-888C913E6FCC}.WebDeployment|Any CPU.ActiveCfg = Release|Any CPU
		{868E6C6E-9127-4B8B-A5ED-888C913E6FCC}.WebDeployment|Any CPU.Build.0 = Release|Any CPU
		{868E6C6E-9127-4B8B-A5ED-888C913E6FCC}.WebDeployment|ARM.ActiveCfg = Release|Any CPU
		{868E6C6E-9127-4B8B-A5ED-888C913E6FCC}.WebDeployment|ARM.Build.0 = Release|Any CPU
		{868E6C6E-9127-4B8B-A5ED-888C913E6FCC}.WebDeployment|x64.ActiveCfg = Release|Any CPU
		{868E6C6E-9127-4B8B-A5ED-888C913E6FCC}.WebDeployment|x64.Build.0 = Release|Any CPU
		{868E6C6E-9127-4B8B-A5ED-888C913E6FCC}.WebDeployment|x86.ActiveCfg = Release|Any CPU
		{868E6C6E-9127-4B8B-A5ED-888C913E6FCC}.WebDeployment|x86.Build.0 = Release|Any CPU
		{580782B3-63A7-436C-9E7F-BA4F2F3D1A94}.CD_ROM|Any CPU.ActiveCfg = Release|Any CPU
		{580782B3-63A7-436C-9E7F-BA4F2F3D1A94}.CD_ROM|Any CPU.Build.0 = Release|Any CPU
		{580782B3-63A7-436C-9E7F-BA4F2F3D1A94}.CD_ROM|ARM.ActiveCfg = Release|Any CPU
		{580782B3-63A7-436C-9E7F-BA4F2F3D1A94}.CD_ROM|ARM.Build.0 = Release|Any CPU
		{580782B3-63A7-436C-9E7F-BA4F2F3D1A94}.CD_ROM|x64.ActiveCfg = Release|Any CPU
		{580782B3-63A7-436C-9E7F-BA4F2F3D1A94}.CD_ROM|x64.Build.0 = Release|Any CPU
		{580782B3-63A7-436C-9E7F-BA4F2F3D1A94}.CD_ROM|x86.ActiveCfg = Release|Any CPU
		{580782B3-63A7-436C-9E7F-BA4F2F3D1A94}.CD_ROM|x86.Build.0 = Release|Any CPU
		{580782B3-63A7-436C-9E7F-BA4F2F3D1A94}.Custom|Any CPU.ActiveCfg = Release|Any CPU
		{580782B3-63A7-436C-9E7F-BA4F2F3D1A94}.Custom|Any CPU.Build.0 = Release|Any CPU
		{580782B3-63A7-436C-9E7F-BA4F2F3D1A94}.Custom|ARM.ActiveCfg = Release|Any CPU
		{580782B3-63A7-436C-9E7F-BA4F2F3D1A94}.Custom|ARM.Build.0 = Release|Any CPU
		{580782B3-63A7-436C-9E7F-BA4F2F3D1A94}.Custom|x64.ActiveCfg = Release|Any CPU
		{580782B3-63A7-436C-9E7F-BA4F2F3D1A94}.Custom|x64.Build.0 = Release|Any CPU
		{580782B3-63A7-436C-9E7F-BA4F2F3D1A94}.Custom|x86.ActiveCfg = Release|Any CPU
		{580782B3-63A7-436C-9E7F-BA4F2F3D1A94}.Custom|x86.Build.0 = Release|Any CPU
		{580782B3-63A7-436C-9E7F-BA4F2F3D1A94}.Debug|Any CPU.ActiveCfg = Debug|Any CPU
		{580782B3-63A7-436C-9E7F-BA4F2F3D1A94}.Debug|Any CPU.Build.0 = Debug|Any CPU
		{580782B3-63A7-436C-9E7F-BA4F2F3D1A94}.Debug|ARM.ActiveCfg = Debug|Any CPU
		{580782B3-63A7-436C-9E7F-BA4F2F3D1A94}.Debug|ARM.Build.0 = Debug|Any CPU
		{580782B3-63A7-436C-9E7F-BA4F2F3D1A94}.Debug|x64.ActiveCfg = Debug|Any CPU
		{580782B3-63A7-436C-9E7F-BA4F2F3D1A94}.Debug|x64.Build.0 = Debug|Any CPU
		{580782B3-63A7-436C-9E7F-BA4F2F3D1A94}.Debug|x86.ActiveCfg = Debug|Any CPU
		{580782B3-63A7-436C-9E7F-BA4F2F3D1A94}.Debug|x86.Build.0 = Debug|Any CPU
		{580782B3-63A7-436C-9E7F-BA4F2F3D1A94}.DVD-10|Any CPU.ActiveCfg = Debug|Any CPU
		{580782B3-63A7-436C-9E7F-BA4F2F3D1A94}.DVD-10|Any CPU.Build.0 = Debug|Any CPU
		{580782B3-63A7-436C-9E7F-BA4F2F3D1A94}.DVD-10|ARM.ActiveCfg = Debug|Any CPU
		{580782B3-63A7-436C-9E7F-BA4F2F3D1A94}.DVD-10|ARM.Build.0 = Debug|Any CPU
		{580782B3-63A7-436C-9E7F-BA4F2F3D1A94}.DVD-10|x64.ActiveCfg = Debug|Any CPU
		{580782B3-63A7-436C-9E7F-BA4F2F3D1A94}.DVD-10|x64.Build.0 = Debug|Any CPU
		{580782B3-63A7-436C-9E7F-BA4F2F3D1A94}.DVD-10|x86.ActiveCfg = Debug|Any CPU
		{580782B3-63A7-436C-9E7F-BA4F2F3D1A94}.DVD-10|x86.Build.0 = Debug|Any CPU
		{580782B3-63A7-436C-9E7F-BA4F2F3D1A94}.DVD-18|Any CPU.ActiveCfg = Debug|Any CPU
		{580782B3-63A7-436C-9E7F-BA4F2F3D1A94}.DVD-18|Any CPU.Build.0 = Debug|Any CPU
		{580782B3-63A7-436C-9E7F-BA4F2F3D1A94}.DVD-18|ARM.ActiveCfg = Debug|Any CPU
		{580782B3-63A7-436C-9E7F-BA4F2F3D1A94}.DVD-18|ARM.Build.0 = Debug|Any CPU
		{580782B3-63A7-436C-9E7F-BA4F2F3D1A94}.DVD-18|x64.ActiveCfg = Debug|Any CPU
		{580782B3-63A7-436C-9E7F-BA4F2F3D1A94}.DVD-18|x64.Build.0 = Debug|Any CPU
		{580782B3-63A7-436C-9E7F-BA4F2F3D1A94}.DVD-18|x86.ActiveCfg = Debug|Any CPU
		{580782B3-63A7-436C-9E7F-BA4F2F3D1A94}.DVD-18|x86.Build.0 = Debug|Any CPU
		{580782B3-63A7-436C-9E7F-BA4F2F3D1A94}.DVD-5|Any CPU.ActiveCfg = Debug|Any CPU
		{580782B3-63A7-436C-9E7F-BA4F2F3D1A94}.DVD-5|Any CPU.Build.0 = Debug|Any CPU
		{580782B3-63A7-436C-9E7F-BA4F2F3D1A94}.DVD-5|ARM.ActiveCfg = Debug|Any CPU
		{580782B3-63A7-436C-9E7F-BA4F2F3D1A94}.DVD-5|ARM.Build.0 = Debug|Any CPU
		{580782B3-63A7-436C-9E7F-BA4F2F3D1A94}.DVD-5|x64.ActiveCfg = Debug|Any CPU
		{580782B3-63A7-436C-9E7F-BA4F2F3D1A94}.DVD-5|x64.Build.0 = Debug|Any CPU
		{580782B3-63A7-436C-9E7F-BA4F2F3D1A94}.DVD-5|x86.ActiveCfg = Debug|Any CPU
		{580782B3-63A7-436C-9E7F-BA4F2F3D1A94}.DVD-5|x86.Build.0 = Debug|Any CPU
		{580782B3-63A7-436C-9E7F-BA4F2F3D1A94}.DVD-9|Any CPU.ActiveCfg = Debug|Any CPU
		{580782B3-63A7-436C-9E7F-BA4F2F3D1A94}.DVD-9|Any CPU.Build.0 = Debug|Any CPU
		{580782B3-63A7-436C-9E7F-BA4F2F3D1A94}.DVD-9|ARM.ActiveCfg = Debug|Any CPU
		{580782B3-63A7-436C-9E7F-BA4F2F3D1A94}.DVD-9|ARM.Build.0 = Debug|Any CPU
		{580782B3-63A7-436C-9E7F-BA4F2F3D1A94}.DVD-9|x64.ActiveCfg = Debug|Any CPU
		{580782B3-63A7-436C-9E7F-BA4F2F3D1A94}.DVD-9|x64.Build.0 = Debug|Any CPU
		{580782B3-63A7-436C-9E7F-BA4F2F3D1A94}.DVD-9|x86.ActiveCfg = Debug|Any CPU
		{580782B3-63A7-436C-9E7F-BA4F2F3D1A94}.DVD-9|x86.Build.0 = Debug|Any CPU
		{580782B3-63A7-436C-9E7F-BA4F2F3D1A94}.Release|Any CPU.ActiveCfg = Release|Any CPU
		{580782B3-63A7-436C-9E7F-BA4F2F3D1A94}.Release|Any CPU.Build.0 = Release|Any CPU
		{580782B3-63A7-436C-9E7F-BA4F2F3D1A94}.Release|ARM.ActiveCfg = Release|Any CPU
		{580782B3-63A7-436C-9E7F-BA4F2F3D1A94}.Release|ARM.Build.0 = Release|Any CPU
		{580782B3-63A7-436C-9E7F-BA4F2F3D1A94}.Release|x64.ActiveCfg = Release|Any CPU
		{580782B3-63A7-436C-9E7F-BA4F2F3D1A94}.Release|x64.Build.0 = Release|Any CPU
		{580782B3-63A7-436C-9E7F-BA4F2F3D1A94}.Release|x86.ActiveCfg = Release|Any CPU
		{580782B3-63A7-436C-9E7F-BA4F2F3D1A94}.Release|x86.Build.0 = Release|Any CPU
		{580782B3-63A7-436C-9E7F-BA4F2F3D1A94}.SingleImage|Any CPU.ActiveCfg = Release|Any CPU
		{580782B3-63A7-436C-9E7F-BA4F2F3D1A94}.SingleImage|Any CPU.Build.0 = Release|Any CPU
		{580782B3-63A7-436C-9E7F-BA4F2F3D1A94}.SingleImage|ARM.ActiveCfg = Release|Any CPU
		{580782B3-63A7-436C-9E7F-BA4F2F3D1A94}.SingleImage|ARM.Build.0 = Release|Any CPU
		{580782B3-63A7-436C-9E7F-BA4F2F3D1A94}.SingleImage|x64.ActiveCfg = Release|Any CPU
		{580782B3-63A7-436C-9E7F-BA4F2F3D1A94}.SingleImage|x64.Build.0 = Release|Any CPU
		{580782B3-63A7-436C-9E7F-BA4F2F3D1A94}.SingleImage|x86.ActiveCfg = Release|Any CPU
		{580782B3-63A7-436C-9E7F-BA4F2F3D1A94}.SingleImage|x86.Build.0 = Release|Any CPU
		{580782B3-63A7-436C-9E7F-BA4F2F3D1A94}.WebDeployment|Any CPU.ActiveCfg = Release|Any CPU
		{580782B3-63A7-436C-9E7F-BA4F2F3D1A94}.WebDeployment|Any CPU.Build.0 = Release|Any CPU
		{580782B3-63A7-436C-9E7F-BA4F2F3D1A94}.WebDeployment|ARM.ActiveCfg = Release|Any CPU
		{580782B3-63A7-436C-9E7F-BA4F2F3D1A94}.WebDeployment|ARM.Build.0 = Release|Any CPU
		{580782B3-63A7-436C-9E7F-BA4F2F3D1A94}.WebDeployment|x64.ActiveCfg = Release|Any CPU
		{580782B3-63A7-436C-9E7F-BA4F2F3D1A94}.WebDeployment|x64.Build.0 = Release|Any CPU
		{580782B3-63A7-436C-9E7F-BA4F2F3D1A94}.WebDeployment|x86.ActiveCfg = Release|Any CPU
		{580782B3-63A7-436C-9E7F-BA4F2F3D1A94}.WebDeployment|x86.Build.0 = Release|Any CPU
		{EE57204C-8001-416C-89EC-F896D32851E9}.CD_ROM|Any CPU.ActiveCfg = Release|Any CPU
		{EE57204C-8001-416C-89EC-F896D32851E9}.CD_ROM|Any CPU.Build.0 = Release|Any CPU
		{EE57204C-8001-416C-89EC-F896D32851E9}.CD_ROM|ARM.ActiveCfg = Release|Any CPU
		{EE57204C-8001-416C-89EC-F896D32851E9}.CD_ROM|ARM.Build.0 = Release|Any CPU
		{EE57204C-8001-416C-89EC-F896D32851E9}.CD_ROM|x64.ActiveCfg = Release|Any CPU
		{EE57204C-8001-416C-89EC-F896D32851E9}.CD_ROM|x64.Build.0 = Release|Any CPU
		{EE57204C-8001-416C-89EC-F896D32851E9}.CD_ROM|x86.ActiveCfg = Release|Any CPU
		{EE57204C-8001-416C-89EC-F896D32851E9}.CD_ROM|x86.Build.0 = Release|Any CPU
		{EE57204C-8001-416C-89EC-F896D32851E9}.Custom|Any CPU.ActiveCfg = Release|Any CPU
		{EE57204C-8001-416C-89EC-F896D32851E9}.Custom|Any CPU.Build.0 = Release|Any CPU
		{EE57204C-8001-416C-89EC-F896D32851E9}.Custom|ARM.ActiveCfg = Release|Any CPU
		{EE57204C-8001-416C-89EC-F896D32851E9}.Custom|ARM.Build.0 = Release|Any CPU
		{EE57204C-8001-416C-89EC-F896D32851E9}.Custom|x64.ActiveCfg = Release|Any CPU
		{EE57204C-8001-416C-89EC-F896D32851E9}.Custom|x64.Build.0 = Release|Any CPU
		{EE57204C-8001-416C-89EC-F896D32851E9}.Custom|x86.ActiveCfg = Release|Any CPU
		{EE57204C-8001-416C-89EC-F896D32851E9}.Custom|x86.Build.0 = Release|Any CPU
		{EE57204C-8001-416C-89EC-F896D32851E9}.Debug|Any CPU.ActiveCfg = Debug|Any CPU
		{EE57204C-8001-416C-89EC-F896D32851E9}.Debug|Any CPU.Build.0 = Debug|Any CPU
		{EE57204C-8001-416C-89EC-F896D32851E9}.Debug|ARM.ActiveCfg = Debug|Any CPU
		{EE57204C-8001-416C-89EC-F896D32851E9}.Debug|ARM.Build.0 = Debug|Any CPU
		{EE57204C-8001-416C-89EC-F896D32851E9}.Debug|x64.ActiveCfg = Debug|Any CPU
		{EE57204C-8001-416C-89EC-F896D32851E9}.Debug|x64.Build.0 = Debug|Any CPU
		{EE57204C-8001-416C-89EC-F896D32851E9}.Debug|x86.ActiveCfg = Debug|Any CPU
		{EE57204C-8001-416C-89EC-F896D32851E9}.Debug|x86.Build.0 = Debug|Any CPU
		{EE57204C-8001-416C-89EC-F896D32851E9}.DVD-10|Any CPU.ActiveCfg = Debug|Any CPU
		{EE57204C-8001-416C-89EC-F896D32851E9}.DVD-10|Any CPU.Build.0 = Debug|Any CPU
		{EE57204C-8001-416C-89EC-F896D32851E9}.DVD-10|ARM.ActiveCfg = Debug|Any CPU
		{EE57204C-8001-416C-89EC-F896D32851E9}.DVD-10|ARM.Build.0 = Debug|Any CPU
		{EE57204C-8001-416C-89EC-F896D32851E9}.DVD-10|x64.ActiveCfg = Debug|Any CPU
		{EE57204C-8001-416C-89EC-F896D32851E9}.DVD-10|x64.Build.0 = Debug|Any CPU
		{EE57204C-8001-416C-89EC-F896D32851E9}.DVD-10|x86.ActiveCfg = Debug|Any CPU
		{EE57204C-8001-416C-89EC-F896D32851E9}.DVD-10|x86.Build.0 = Debug|Any CPU
		{EE57204C-8001-416C-89EC-F896D32851E9}.DVD-18|Any CPU.ActiveCfg = Debug|Any CPU
		{EE57204C-8001-416C-89EC-F896D32851E9}.DVD-18|Any CPU.Build.0 = Debug|Any CPU
		{EE57204C-8001-416C-89EC-F896D32851E9}.DVD-18|ARM.ActiveCfg = Debug|Any CPU
		{EE57204C-8001-416C-89EC-F896D32851E9}.DVD-18|ARM.Build.0 = Debug|Any CPU
		{EE57204C-8001-416C-89EC-F896D32851E9}.DVD-18|x64.ActiveCfg = Debug|Any CPU
		{EE57204C-8001-416C-89EC-F896D32851E9}.DVD-18|x64.Build.0 = Debug|Any CPU
		{EE57204C-8001-416C-89EC-F896D32851E9}.DVD-18|x86.ActiveCfg = Debug|Any CPU
		{EE57204C-8001-416C-89EC-F896D32851E9}.DVD-18|x86.Build.0 = Debug|Any CPU
		{EE57204C-8001-416C-89EC-F896D32851E9}.DVD-5|Any CPU.ActiveCfg = Debug|Any CPU
		{EE57204C-8001-416C-89EC-F896D32851E9}.DVD-5|Any CPU.Build.0 = Debug|Any CPU
		{EE57204C-8001-416C-89EC-F896D32851E9}.DVD-5|ARM.ActiveCfg = Debug|Any CPU
		{EE57204C-8001-416C-89EC-F896D32851E9}.DVD-5|ARM.Build.0 = Debug|Any CPU
		{EE57204C-8001-416C-89EC-F896D32851E9}.DVD-5|x64.ActiveCfg = Debug|Any CPU
		{EE57204C-8001-416C-89EC-F896D32851E9}.DVD-5|x64.Build.0 = Debug|Any CPU
		{EE57204C-8001-416C-89EC-F896D32851E9}.DVD-5|x86.ActiveCfg = Debug|Any CPU
		{EE57204C-8001-416C-89EC-F896D32851E9}.DVD-5|x86.Build.0 = Debug|Any CPU
		{EE57204C-8001-416C-89EC-F896D32851E9}.DVD-9|Any CPU.ActiveCfg = Debug|Any CPU
		{EE57204C-8001-416C-89EC-F896D32851E9}.DVD-9|Any CPU.Build.0 = Debug|Any CPU
		{EE57204C-8001-416C-89EC-F896D32851E9}.DVD-9|ARM.ActiveCfg = Debug|Any CPU
		{EE57204C-8001-416C-89EC-F896D32851E9}.DVD-9|ARM.Build.0 = Debug|Any CPU
		{EE57204C-8001-416C-89EC-F896D32851E9}.DVD-9|x64.ActiveCfg = Debug|Any CPU
		{EE57204C-8001-416C-89EC-F896D32851E9}.DVD-9|x64.Build.0 = Debug|Any CPU
		{EE57204C-8001-416C-89EC-F896D32851E9}.DVD-9|x86.ActiveCfg = Debug|Any CPU
		{EE57204C-8001-416C-89EC-F896D32851E9}.DVD-9|x86.Build.0 = Debug|Any CPU
		{EE57204C-8001-416C-89EC-F896D32851E9}.Release|Any CPU.ActiveCfg = Release|Any CPU
		{EE57204C-8001-416C-89EC-F896D32851E9}.Release|Any CPU.Build.0 = Release|Any CPU
		{EE57204C-8001-416C-89EC-F896D32851E9}.Release|ARM.ActiveCfg = Release|Any CPU
		{EE57204C-8001-416C-89EC-F896D32851E9}.Release|ARM.Build.0 = Release|Any CPU
		{EE57204C-8001-416C-89EC-F896D32851E9}.Release|x64.ActiveCfg = Release|Any CPU
		{EE57204C-8001-416C-89EC-F896D32851E9}.Release|x64.Build.0 = Release|Any CPU
		{EE57204C-8001-416C-89EC-F896D32851E9}.Release|x86.ActiveCfg = Release|Any CPU
		{EE57204C-8001-416C-89EC-F896D32851E9}.Release|x86.Build.0 = Release|Any CPU
		{EE57204C-8001-416C-89EC-F896D32851E9}.SingleImage|Any CPU.ActiveCfg = Release|Any CPU
		{EE57204C-8001-416C-89EC-F896D32851E9}.SingleImage|Any CPU.Build.0 = Release|Any CPU
		{EE57204C-8001-416C-89EC-F896D32851E9}.SingleImage|ARM.ActiveCfg = Release|Any CPU
		{EE57204C-8001-416C-89EC-F896D32851E9}.SingleImage|ARM.Build.0 = Release|Any CPU
		{EE57204C-8001-416C-89EC-F896D32851E9}.SingleImage|x64.ActiveCfg = Release|Any CPU
		{EE57204C-8001-416C-89EC-F896D32851E9}.SingleImage|x64.Build.0 = Release|Any CPU
		{EE57204C-8001-416C-89EC-F896D32851E9}.SingleImage|x86.ActiveCfg = Release|Any CPU
		{EE57204C-8001-416C-89EC-F896D32851E9}.SingleImage|x86.Build.0 = Release|Any CPU
		{EE57204C-8001-416C-89EC-F896D32851E9}.WebDeployment|Any CPU.ActiveCfg = Release|Any CPU
		{EE57204C-8001-416C-89EC-F896D32851E9}.WebDeployment|Any CPU.Build.0 = Release|Any CPU
		{EE57204C-8001-416C-89EC-F896D32851E9}.WebDeployment|ARM.ActiveCfg = Release|Any CPU
		{EE57204C-8001-416C-89EC-F896D32851E9}.WebDeployment|ARM.Build.0 = Release|Any CPU
		{EE57204C-8001-416C-89EC-F896D32851E9}.WebDeployment|x64.ActiveCfg = Release|Any CPU
		{EE57204C-8001-416C-89EC-F896D32851E9}.WebDeployment|x64.Build.0 = Release|Any CPU
		{EE57204C-8001-416C-89EC-F896D32851E9}.WebDeployment|x86.ActiveCfg = Release|Any CPU
		{EE57204C-8001-416C-89EC-F896D32851E9}.WebDeployment|x86.Build.0 = Release|Any CPU
		{6FEAFE62-6BBD-4063-867D-0A725DE8C9FB}.CD_ROM|Any CPU.ActiveCfg = Release|Any CPU
		{6FEAFE62-6BBD-4063-867D-0A725DE8C9FB}.CD_ROM|Any CPU.Build.0 = Release|Any CPU
		{6FEAFE62-6BBD-4063-867D-0A725DE8C9FB}.CD_ROM|ARM.ActiveCfg = Release|Any CPU
		{6FEAFE62-6BBD-4063-867D-0A725DE8C9FB}.CD_ROM|ARM.Build.0 = Release|Any CPU
		{6FEAFE62-6BBD-4063-867D-0A725DE8C9FB}.CD_ROM|x64.ActiveCfg = Release|Any CPU
		{6FEAFE62-6BBD-4063-867D-0A725DE8C9FB}.CD_ROM|x64.Build.0 = Release|Any CPU
		{6FEAFE62-6BBD-4063-867D-0A725DE8C9FB}.CD_ROM|x86.ActiveCfg = Release|Any CPU
		{6FEAFE62-6BBD-4063-867D-0A725DE8C9FB}.CD_ROM|x86.Build.0 = Release|Any CPU
		{6FEAFE62-6BBD-4063-867D-0A725DE8C9FB}.Custom|Any CPU.ActiveCfg = Release|Any CPU
		{6FEAFE62-6BBD-4063-867D-0A725DE8C9FB}.Custom|Any CPU.Build.0 = Release|Any CPU
		{6FEAFE62-6BBD-4063-867D-0A725DE8C9FB}.Custom|ARM.ActiveCfg = Release|Any CPU
		{6FEAFE62-6BBD-4063-867D-0A725DE8C9FB}.Custom|ARM.Build.0 = Release|Any CPU
		{6FEAFE62-6BBD-4063-867D-0A725DE8C9FB}.Custom|x64.ActiveCfg = Release|Any CPU
		{6FEAFE62-6BBD-4063-867D-0A725DE8C9FB}.Custom|x64.Build.0 = Release|Any CPU
		{6FEAFE62-6BBD-4063-867D-0A725DE8C9FB}.Custom|x86.ActiveCfg = Release|Any CPU
		{6FEAFE62-6BBD-4063-867D-0A725DE8C9FB}.Custom|x86.Build.0 = Release|Any CPU
		{6FEAFE62-6BBD-4063-867D-0A725DE8C9FB}.Debug|Any CPU.ActiveCfg = Debug|Any CPU
		{6FEAFE62-6BBD-4063-867D-0A725DE8C9FB}.Debug|Any CPU.Build.0 = Debug|Any CPU
		{6FEAFE62-6BBD-4063-867D-0A725DE8C9FB}.Debug|ARM.ActiveCfg = Debug|Any CPU
		{6FEAFE62-6BBD-4063-867D-0A725DE8C9FB}.Debug|ARM.Build.0 = Debug|Any CPU
		{6FEAFE62-6BBD-4063-867D-0A725DE8C9FB}.Debug|x64.ActiveCfg = Debug|Any CPU
		{6FEAFE62-6BBD-4063-867D-0A725DE8C9FB}.Debug|x64.Build.0 = Debug|Any CPU
		{6FEAFE62-6BBD-4063-867D-0A725DE8C9FB}.Debug|x86.ActiveCfg = Debug|Any CPU
		{6FEAFE62-6BBD-4063-867D-0A725DE8C9FB}.Debug|x86.Build.0 = Debug|Any CPU
		{6FEAFE62-6BBD-4063-867D-0A725DE8C9FB}.DVD-10|Any CPU.ActiveCfg = Debug|Any CPU
		{6FEAFE62-6BBD-4063-867D-0A725DE8C9FB}.DVD-10|Any CPU.Build.0 = Debug|Any CPU
		{6FEAFE62-6BBD-4063-867D-0A725DE8C9FB}.DVD-10|ARM.ActiveCfg = Debug|Any CPU
		{6FEAFE62-6BBD-4063-867D-0A725DE8C9FB}.DVD-10|ARM.Build.0 = Debug|Any CPU
		{6FEAFE62-6BBD-4063-867D-0A725DE8C9FB}.DVD-10|x64.ActiveCfg = Debug|Any CPU
		{6FEAFE62-6BBD-4063-867D-0A725DE8C9FB}.DVD-10|x64.Build.0 = Debug|Any CPU
		{6FEAFE62-6BBD-4063-867D-0A725DE8C9FB}.DVD-10|x86.ActiveCfg = Debug|Any CPU
		{6FEAFE62-6BBD-4063-867D-0A725DE8C9FB}.DVD-10|x86.Build.0 = Debug|Any CPU
		{6FEAFE62-6BBD-4063-867D-0A725DE8C9FB}.DVD-18|Any CPU.ActiveCfg = Debug|Any CPU
		{6FEAFE62-6BBD-4063-867D-0A725DE8C9FB}.DVD-18|Any CPU.Build.0 = Debug|Any CPU
		{6FEAFE62-6BBD-4063-867D-0A725DE8C9FB}.DVD-18|ARM.ActiveCfg = Debug|Any CPU
		{6FEAFE62-6BBD-4063-867D-0A725DE8C9FB}.DVD-18|ARM.Build.0 = Debug|Any CPU
		{6FEAFE62-6BBD-4063-867D-0A725DE8C9FB}.DVD-18|x64.ActiveCfg = Debug|Any CPU
		{6FEAFE62-6BBD-4063-867D-0A725DE8C9FB}.DVD-18|x64.Build.0 = Debug|Any CPU
		{6FEAFE62-6BBD-4063-867D-0A725DE8C9FB}.DVD-18|x86.ActiveCfg = Debug|Any CPU
		{6FEAFE62-6BBD-4063-867D-0A725DE8C9FB}.DVD-18|x86.Build.0 = Debug|Any CPU
		{6FEAFE62-6BBD-4063-867D-0A725DE8C9FB}.DVD-5|Any CPU.ActiveCfg = Debug|Any CPU
		{6FEAFE62-6BBD-4063-867D-0A725DE8C9FB}.DVD-5|Any CPU.Build.0 = Debug|Any CPU
		{6FEAFE62-6BBD-4063-867D-0A725DE8C9FB}.DVD-5|ARM.ActiveCfg = Debug|Any CPU
		{6FEAFE62-6BBD-4063-867D-0A725DE8C9FB}.DVD-5|ARM.Build.0 = Debug|Any CPU
		{6FEAFE62-6BBD-4063-867D-0A725DE8C9FB}.DVD-5|x64.ActiveCfg = Debug|Any CPU
		{6FEAFE62-6BBD-4063-867D-0A725DE8C9FB}.DVD-5|x64.Build.0 = Debug|Any CPU
		{6FEAFE62-6BBD-4063-867D-0A725DE8C9FB}.DVD-5|x86.ActiveCfg = Debug|Any CPU
		{6FEAFE62-6BBD-4063-867D-0A725DE8C9FB}.DVD-5|x86.Build.0 = Debug|Any CPU
		{6FEAFE62-6BBD-4063-867D-0A725DE8C9FB}.DVD-9|Any CPU.ActiveCfg = Debug|Any CPU
		{6FEAFE62-6BBD-4063-867D-0A725DE8C9FB}.DVD-9|Any CPU.Build.0 = Debug|Any CPU
		{6FEAFE62-6BBD-4063-867D-0A725DE8C9FB}.DVD-9|ARM.ActiveCfg = Debug|Any CPU
		{6FEAFE62-6BBD-4063-867D-0A725DE8C9FB}.DVD-9|ARM.Build.0 = Debug|Any CPU
		{6FEAFE62-6BBD-4063-867D-0A725DE8C9FB}.DVD-9|x64.ActiveCfg = Debug|Any CPU
		{6FEAFE62-6BBD-4063-867D-0A725DE8C9FB}.DVD-9|x64.Build.0 = Debug|Any CPU
		{6FEAFE62-6BBD-4063-867D-0A725DE8C9FB}.DVD-9|x86.ActiveCfg = Debug|Any CPU
		{6FEAFE62-6BBD-4063-867D-0A725DE8C9FB}.DVD-9|x86.Build.0 = Debug|Any CPU
		{6FEAFE62-6BBD-4063-867D-0A725DE8C9FB}.Release|Any CPU.ActiveCfg = Release|Any CPU
		{6FEAFE62-6BBD-4063-867D-0A725DE8C9FB}.Release|Any CPU.Build.0 = Release|Any CPU
		{6FEAFE62-6BBD-4063-867D-0A725DE8C9FB}.Release|ARM.ActiveCfg = Release|Any CPU
		{6FEAFE62-6BBD-4063-867D-0A725DE8C9FB}.Release|ARM.Build.0 = Release|Any CPU
		{6FEAFE62-6BBD-4063-867D-0A725DE8C9FB}.Release|x64.ActiveCfg = Release|Any CPU
		{6FEAFE62-6BBD-4063-867D-0A725DE8C9FB}.Release|x64.Build.0 = Release|Any CPU
		{6FEAFE62-6BBD-4063-867D-0A725DE8C9FB}.Release|x86.ActiveCfg = Release|Any CPU
		{6FEAFE62-6BBD-4063-867D-0A725DE8C9FB}.Release|x86.Build.0 = Release|Any CPU
		{6FEAFE62-6BBD-4063-867D-0A725DE8C9FB}.SingleImage|Any CPU.ActiveCfg = Release|Any CPU
		{6FEAFE62-6BBD-4063-867D-0A725DE8C9FB}.SingleImage|Any CPU.Build.0 = Release|Any CPU
		{6FEAFE62-6BBD-4063-867D-0A725DE8C9FB}.SingleImage|ARM.ActiveCfg = Release|Any CPU
		{6FEAFE62-6BBD-4063-867D-0A725DE8C9FB}.SingleImage|ARM.Build.0 = Release|Any CPU
		{6FEAFE62-6BBD-4063-867D-0A725DE8C9FB}.SingleImage|x64.ActiveCfg = Release|Any CPU
		{6FEAFE62-6BBD-4063-867D-0A725DE8C9FB}.SingleImage|x64.Build.0 = Release|Any CPU
		{6FEAFE62-6BBD-4063-867D-0A725DE8C9FB}.SingleImage|x86.ActiveCfg = Release|Any CPU
		{6FEAFE62-6BBD-4063-867D-0A725DE8C9FB}.SingleImage|x86.Build.0 = Release|Any CPU
		{6FEAFE62-6BBD-4063-867D-0A725DE8C9FB}.WebDeployment|Any CPU.ActiveCfg = Release|Any CPU
		{6FEAFE62-6BBD-4063-867D-0A725DE8C9FB}.WebDeployment|Any CPU.Build.0 = Release|Any CPU
		{6FEAFE62-6BBD-4063-867D-0A725DE8C9FB}.WebDeployment|ARM.ActiveCfg = Release|Any CPU
		{6FEAFE62-6BBD-4063-867D-0A725DE8C9FB}.WebDeployment|ARM.Build.0 = Release|Any CPU
		{6FEAFE62-6BBD-4063-867D-0A725DE8C9FB}.WebDeployment|x64.ActiveCfg = Release|Any CPU
		{6FEAFE62-6BBD-4063-867D-0A725DE8C9FB}.WebDeployment|x64.Build.0 = Release|Any CPU
		{6FEAFE62-6BBD-4063-867D-0A725DE8C9FB}.WebDeployment|x86.ActiveCfg = Release|Any CPU
		{6FEAFE62-6BBD-4063-867D-0A725DE8C9FB}.WebDeployment|x86.Build.0 = Release|Any CPU
		{32179D13-08B4-4053-92E3-4C65EB162D4F}.CD_ROM|Any CPU.ActiveCfg = Release
		{32179D13-08B4-4053-92E3-4C65EB162D4F}.CD_ROM|Any CPU.Build.0 = Release
		{32179D13-08B4-4053-92E3-4C65EB162D4F}.CD_ROM|ARM.ActiveCfg = Release
		{32179D13-08B4-4053-92E3-4C65EB162D4F}.CD_ROM|ARM.Build.0 = Release
		{32179D13-08B4-4053-92E3-4C65EB162D4F}.CD_ROM|x64.ActiveCfg = Release
		{32179D13-08B4-4053-92E3-4C65EB162D4F}.CD_ROM|x64.Build.0 = Release
		{32179D13-08B4-4053-92E3-4C65EB162D4F}.CD_ROM|x86.ActiveCfg = Release
		{32179D13-08B4-4053-92E3-4C65EB162D4F}.CD_ROM|x86.Build.0 = Release
		{32179D13-08B4-4053-92E3-4C65EB162D4F}.Custom|Any CPU.ActiveCfg = Release
		{32179D13-08B4-4053-92E3-4C65EB162D4F}.Custom|Any CPU.Build.0 = Release
		{32179D13-08B4-4053-92E3-4C65EB162D4F}.Custom|ARM.ActiveCfg = Release
		{32179D13-08B4-4053-92E3-4C65EB162D4F}.Custom|ARM.Build.0 = Release
		{32179D13-08B4-4053-92E3-4C65EB162D4F}.Custom|x64.ActiveCfg = Release
		{32179D13-08B4-4053-92E3-4C65EB162D4F}.Custom|x64.Build.0 = Release
		{32179D13-08B4-4053-92E3-4C65EB162D4F}.Custom|x86.ActiveCfg = Release
		{32179D13-08B4-4053-92E3-4C65EB162D4F}.Custom|x86.Build.0 = Release
		{32179D13-08B4-4053-92E3-4C65EB162D4F}.Debug|Any CPU.ActiveCfg = Debug
		{32179D13-08B4-4053-92E3-4C65EB162D4F}.Debug|ARM.ActiveCfg = Debug
		{32179D13-08B4-4053-92E3-4C65EB162D4F}.Debug|x64.ActiveCfg = Debug
		{32179D13-08B4-4053-92E3-4C65EB162D4F}.Debug|x86.ActiveCfg = Debug
		{32179D13-08B4-4053-92E3-4C65EB162D4F}.DVD-10|Any CPU.ActiveCfg = Debug
		{32179D13-08B4-4053-92E3-4C65EB162D4F}.DVD-10|Any CPU.Build.0 = Debug
		{32179D13-08B4-4053-92E3-4C65EB162D4F}.DVD-10|ARM.ActiveCfg = Debug
		{32179D13-08B4-4053-92E3-4C65EB162D4F}.DVD-10|ARM.Build.0 = Debug
		{32179D13-08B4-4053-92E3-4C65EB162D4F}.DVD-10|x64.ActiveCfg = Debug
		{32179D13-08B4-4053-92E3-4C65EB162D4F}.DVD-10|x64.Build.0 = Debug
		{32179D13-08B4-4053-92E3-4C65EB162D4F}.DVD-10|x86.ActiveCfg = Debug
		{32179D13-08B4-4053-92E3-4C65EB162D4F}.DVD-10|x86.Build.0 = Debug
		{32179D13-08B4-4053-92E3-4C65EB162D4F}.DVD-18|Any CPU.ActiveCfg = Debug
		{32179D13-08B4-4053-92E3-4C65EB162D4F}.DVD-18|Any CPU.Build.0 = Debug
		{32179D13-08B4-4053-92E3-4C65EB162D4F}.DVD-18|ARM.ActiveCfg = Debug
		{32179D13-08B4-4053-92E3-4C65EB162D4F}.DVD-18|ARM.Build.0 = Debug
		{32179D13-08B4-4053-92E3-4C65EB162D4F}.DVD-18|x64.ActiveCfg = Debug
		{32179D13-08B4-4053-92E3-4C65EB162D4F}.DVD-18|x64.Build.0 = Debug
		{32179D13-08B4-4053-92E3-4C65EB162D4F}.DVD-18|x86.ActiveCfg = Debug
		{32179D13-08B4-4053-92E3-4C65EB162D4F}.DVD-18|x86.Build.0 = Debug
		{32179D13-08B4-4053-92E3-4C65EB162D4F}.DVD-5|Any CPU.ActiveCfg = Debug
		{32179D13-08B4-4053-92E3-4C65EB162D4F}.DVD-5|Any CPU.Build.0 = Debug
		{32179D13-08B4-4053-92E3-4C65EB162D4F}.DVD-5|ARM.ActiveCfg = Debug
		{32179D13-08B4-4053-92E3-4C65EB162D4F}.DVD-5|ARM.Build.0 = Debug
		{32179D13-08B4-4053-92E3-4C65EB162D4F}.DVD-5|x64.ActiveCfg = Debug
		{32179D13-08B4-4053-92E3-4C65EB162D4F}.DVD-5|x64.Build.0 = Debug
		{32179D13-08B4-4053-92E3-4C65EB162D4F}.DVD-5|x86.ActiveCfg = Debug
		{32179D13-08B4-4053-92E3-4C65EB162D4F}.DVD-5|x86.Build.0 = Debug
		{32179D13-08B4-4053-92E3-4C65EB162D4F}.DVD-9|Any CPU.ActiveCfg = Debug
		{32179D13-08B4-4053-92E3-4C65EB162D4F}.DVD-9|Any CPU.Build.0 = Debug
		{32179D13-08B4-4053-92E3-4C65EB162D4F}.DVD-9|ARM.ActiveCfg = Debug
		{32179D13-08B4-4053-92E3-4C65EB162D4F}.DVD-9|ARM.Build.0 = Debug
		{32179D13-08B4-4053-92E3-4C65EB162D4F}.DVD-9|x64.ActiveCfg = Debug
		{32179D13-08B4-4053-92E3-4C65EB162D4F}.DVD-9|x64.Build.0 = Debug
		{32179D13-08B4-4053-92E3-4C65EB162D4F}.DVD-9|x86.ActiveCfg = Debug
		{32179D13-08B4-4053-92E3-4C65EB162D4F}.DVD-9|x86.Build.0 = Debug
		{32179D13-08B4-4053-92E3-4C65EB162D4F}.Release|Any CPU.ActiveCfg = Release
		{32179D13-08B4-4053-92E3-4C65EB162D4F}.Release|ARM.ActiveCfg = Release
		{32179D13-08B4-4053-92E3-4C65EB162D4F}.Release|x64.ActiveCfg = Release
		{32179D13-08B4-4053-92E3-4C65EB162D4F}.Release|x86.ActiveCfg = Release
		{32179D13-08B4-4053-92E3-4C65EB162D4F}.SingleImage|Any CPU.ActiveCfg = Release
		{32179D13-08B4-4053-92E3-4C65EB162D4F}.SingleImage|Any CPU.Build.0 = Release
		{32179D13-08B4-4053-92E3-4C65EB162D4F}.SingleImage|ARM.ActiveCfg = Release
		{32179D13-08B4-4053-92E3-4C65EB162D4F}.SingleImage|ARM.Build.0 = Release
		{32179D13-08B4-4053-92E3-4C65EB162D4F}.SingleImage|x64.ActiveCfg = Release
		{32179D13-08B4-4053-92E3-4C65EB162D4F}.SingleImage|x64.Build.0 = Release
		{32179D13-08B4-4053-92E3-4C65EB162D4F}.SingleImage|x86.ActiveCfg = Release
		{32179D13-08B4-4053-92E3-4C65EB162D4F}.SingleImage|x86.Build.0 = Release
		{32179D13-08B4-4053-92E3-4C65EB162D4F}.WebDeployment|Any CPU.ActiveCfg = Release
		{32179D13-08B4-4053-92E3-4C65EB162D4F}.WebDeployment|Any CPU.Build.0 = Release
		{32179D13-08B4-4053-92E3-4C65EB162D4F}.WebDeployment|ARM.ActiveCfg = Release
		{32179D13-08B4-4053-92E3-4C65EB162D4F}.WebDeployment|ARM.Build.0 = Release
		{32179D13-08B4-4053-92E3-4C65EB162D4F}.WebDeployment|x64.ActiveCfg = Release
		{32179D13-08B4-4053-92E3-4C65EB162D4F}.WebDeployment|x64.Build.0 = Release
		{32179D13-08B4-4053-92E3-4C65EB162D4F}.WebDeployment|x86.ActiveCfg = Release
		{32179D13-08B4-4053-92E3-4C65EB162D4F}.WebDeployment|x86.Build.0 = Release
	EndGlobalSection
	GlobalSection(SolutionProperties) = preSolution
		HideSolutionNode = FALSE
	EndGlobalSection
EndGlobal
